{
  "name": "ajs-3-2",
  "version": "1.0.0",
  "lockfileVersion": 1,
  "requires": true,
  "dependencies": {
    "@olegbirykov/ajs": {
      "version": "1.0.0",
      "resolved": "https://npm.pkg.github.com/download/@olegbirykov/ajs/1.0.0/bffd5be63bb879b7c8a3a07a72f2d36149bfc0411d7f23b70b39e80c08391cb7",
      "integrity": "sha512-vvAXkOgsf/lrMdMo9fujroarNKm2EOIORFXQHrGvZYgtCu+OL+DNOOFqxH3VP4QkoMzwdGt5ODHO/FDtyNlgVQ=="
    }
  }
}
